// !$*UTF8*$!
{
	archiveVersion = 1;
	classes = {
	};
	objectVersion = 56;
	objects = {

/* Begin PBXBuildFile section */
		C06DD62C2C0C3D920065D4DE /* ChattingData.swift in Sources */ = {isa = PBXBuildFile; fileRef = C06DD62B2C0C3D920065D4DE /* ChattingData.swift */; };
		C06DD62E2C0C3D9F0065D4DE /* Chatting.storyboard in Resources */ = {isa = PBXBuildFile; fileRef = C06DD62D2C0C3D9F0065D4DE /* Chatting.storyboard */; };
		C06DD6302C0C3DC00065D4DE /* ChattingViewController.swift in Sources */ = {isa = PBXBuildFile; fileRef = C06DD62F2C0C3DC00065D4DE /* ChattingViewController.swift */; };
		C06DD6332C0C41060065D4DE /* PersonalRoomTableViewCell.swift in Sources */ = {isa = PBXBuildFile; fileRef = C06DD6312C0C41060065D4DE /* PersonalRoomTableViewCell.swift */; };
		C06DD6342C0C41060065D4DE /* PersonalRoomTableViewCell.xib in Resources */ = {isa = PBXBuildFile; fileRef = C06DD6322C0C41060065D4DE /* PersonalRoomTableViewCell.xib */; };
		C0754CD62C05FA020097D1A0 /* UILabel+.swift in Sources */ = {isa = PBXBuildFile; fileRef = C0754CD52C05FA020097D1A0 /* UILabel+.swift */; };
		C07EF6BD2C0C49F900C23229 /* GroupRoomTableViewCell.xib in Resources */ = {isa = PBXBuildFile; fileRef = C07EF6BC2C0C49F900C23229 /* GroupRoomTableViewCell.xib */; };
		C07EF6BE2C0C49F900C23229 /* GroupRoomTableViewCell.swift in Sources */ = {isa = PBXBuildFile; fileRef = C07EF6BB2C0C49F900C23229 /* GroupRoomTableViewCell.swift */; };
		C08249D82C0743E800299987 /* AdDetailViewController.swift in Sources */ = {isa = PBXBuildFile; fileRef = C08249D72C0743E800299987 /* AdDetailViewController.swift */; };
		C08249DA2C0743FF00299987 /* Detail.storyboard in Resources */ = {isa = PBXBuildFile; fileRef = C08249D92C0743FF00299987 /* Detail.storyboard */; };
		C08249DC2C074A1A00299987 /* TravelDetailViewController.swift in Sources */ = {isa = PBXBuildFile; fileRef = C08249DB2C074A1A00299987 /* TravelDetailViewController.swift */; };
		C08249DF2C074C2200299987 /* CityInfo.storyboard in Resources */ = {isa = PBXBuildFile; fileRef = C08249DE2C074C2200299987 /* CityInfo.storyboard */; };
		C08249E12C074C5300299987 /* CityInfoViewController.swift in Sources */ = {isa = PBXBuildFile; fileRef = C08249E02C074C5300299987 /* CityInfoViewController.swift */; };
		C08249E32C074CD200299987 /* CityInfo.swift in Sources */ = {isa = PBXBuildFile; fileRef = C08249E22C074CD200299987 /* CityInfo.swift */; };
		C08249E82C074F8900299987 /* CityTableViewCell.swift in Sources */ = {isa = PBXBuildFile; fileRef = C08249E62C074F8900299987 /* CityTableViewCell.swift */; };
		C08249E92C074F8900299987 /* CityTableViewCell.xib in Resources */ = {isa = PBXBuildFile; fileRef = C08249E72C074F8900299987 /* CityTableViewCell.xib */; };
		C09E32442C086F5500C6BDF6 /* RestaurantMap.storyboard in Resources */ = {isa = PBXBuildFile; fileRef = C09E32432C086F5500C6BDF6 /* RestaurantMap.storyboard */; };
		C09E32462C086F6200C6BDF6 /* RestaurantMapViewController.swift in Sources */ = {isa = PBXBuildFile; fileRef = C09E32452C086F6200C6BDF6 /* RestaurantMapViewController.swift */; };
		C0A2F9D62C045D96001CFAA2 /* TravelModel.swift in Sources */ = {isa = PBXBuildFile; fileRef = C0A2F9D52C045D96001CFAA2 /* TravelModel.swift */; };
		C0A2F9D92C0464DF001CFAA2 /* TravelTableViewCell.xib in Resources */ = {isa = PBXBuildFile; fileRef = C0A2F9D82C0464DF001CFAA2 /* TravelTableViewCell.xib */; };
		C0A2F9DA2C0464DF001CFAA2 /* TravelTableViewCell.swift in Sources */ = {isa = PBXBuildFile; fileRef = C0A2F9D72C0464DF001CFAA2 /* TravelTableViewCell.swift */; };
		C0A2F9DD2C0464FA001CFAA2 /* AdTableViewCell.xib in Resources */ = {isa = PBXBuildFile; fileRef = C0A2F9DC2C0464FA001CFAA2 /* AdTableViewCell.xib */; };
		C0A2F9DE2C0464FA001CFAA2 /* AdTableViewCell.swift in Sources */ = {isa = PBXBuildFile; fileRef = C0A2F9DB2C0464FA001CFAA2 /* AdTableViewCell.swift */; };
		C0A2F9E42C04835D001CFAA2 /* TravelViewController.swift in Sources */ = {isa = PBXBuildFile; fileRef = C0A2F9E32C04835D001CFAA2 /* TravelViewController.swift */; };
		C0A341292C01F92F008F373F /* AppDelegate.swift in Sources */ = {isa = PBXBuildFile; fileRef = C0A341282C01F92F008F373F /* AppDelegate.swift */; };
		C0A3412B2C01F92F008F373F /* SceneDelegate.swift in Sources */ = {isa = PBXBuildFile; fileRef = C0A3412A2C01F92F008F373F /* SceneDelegate.swift */; };
		C0A341302C01F92F008F373F /* Base in Resources */ = {isa = PBXBuildFile; fileRef = C0A3412F2C01F92F008F373F /* Base */; };
		C0A341322C01F931008F373F /* Assets.xcassets in Resources */ = {isa = PBXBuildFile; fileRef = C0A341312C01F931008F373F /* Assets.xcassets */; };
		C0A341352C01F931008F373F /* Base in Resources */ = {isa = PBXBuildFile; fileRef = C0A341342C01F931008F373F /* Base */; };
		C0A3413E2C01F99E008F373F /* Kingfisher in Frameworks */ = {isa = PBXBuildFile; productRef = C0A3413D2C01F99E008F373F /* Kingfisher */; };
		C0A341402C020272008F373F /* MagazineTableViewController.swift in Sources */ = {isa = PBXBuildFile; fileRef = C0A3413F2C020272008F373F /* MagazineTableViewController.swift */; };
		C0A341422C020294008F373F /* MagazineTableViewCell.swift in Sources */ = {isa = PBXBuildFile; fileRef = C0A341412C020294008F373F /* MagazineTableViewCell.swift */; };
		C0A341442C020429008F373F /* MagazineInfo.swift in Sources */ = {isa = PBXBuildFile; fileRef = C0A341432C020428008F373F /* MagazineInfo.swift */; };
		C0A341482C022F4B008F373F /* RestaurantTableViewCell.swift in Sources */ = {isa = PBXBuildFile; fileRef = C0A341472C022F4B008F373F /* RestaurantTableViewCell.swift */; };
		C0A3414C2C022F93008F373F /* RestaurantTableViewController.swift in Sources */ = {isa = PBXBuildFile; fileRef = C0A3414B2C022F93008F373F /* RestaurantTableViewController.swift */; };
		C0A3414E2C022FC3008F373F /* Restaurant.swift in Sources */ = {isa = PBXBuildFile; fileRef = C0A3414D2C022FC3008F373F /* Restaurant.swift */; };
		C0CACD432C3D690D00DE6691 /* CityInfoViewModel.swift in Sources */ = {isa = PBXBuildFile; fileRef = C0CACD422C3D690D00DE6691 /* CityInfoViewModel.swift */; };
		C0D383082C0C66D30081F8D5 /* ChatRoomViewController.swift in Sources */ = {isa = PBXBuildFile; fileRef = C0D383072C0C66D30081F8D5 /* ChatRoomViewController.swift */; };
		C0D383112C0C720F0081F8D5 /* MemberChattingTableViewCell.xib in Resources */ = {isa = PBXBuildFile; fileRef = C0D383102C0C720F0081F8D5 /* MemberChattingTableViewCell.xib */; };
		C0D383122C0C720F0081F8D5 /* MemberChattingTableViewCell.swift in Sources */ = {isa = PBXBuildFile; fileRef = C0D3830F2C0C720F0081F8D5 /* MemberChattingTableViewCell.swift */; };
		C0D383152C0C93C50081F8D5 /* MyChattingTableViewCell.xib in Resources */ = {isa = PBXBuildFile; fileRef = C0D383142C0C93C50081F8D5 /* MyChattingTableViewCell.xib */; };
		C0D383162C0C93C50081F8D5 /* MyChattingTableViewCell.swift in Sources */ = {isa = PBXBuildFile; fileRef = C0D383132C0C93C50081F8D5 /* MyChattingTableViewCell.swift */; };
/* End PBXBuildFile section */

/* Begin PBXFileReference section */
		C06DD62B2C0C3D920065D4DE /* ChattingData.swift */ = {isa = PBXFileReference; fileEncoding = 4; lastKnownFileType = sourcecode.swift; path = ChattingData.swift; sourceTree = "<group>"; };
		C06DD62D2C0C3D9F0065D4DE /* Chatting.storyboard */ = {isa = PBXFileReference; lastKnownFileType = file.storyboard; path = Chatting.storyboard; sourceTree = "<group>"; };
		C06DD62F2C0C3DC00065D4DE /* ChattingViewController.swift */ = {isa = PBXFileReference; lastKnownFileType = sourcecode.swift; path = ChattingViewController.swift; sourceTree = "<group>"; };
		C06DD6312C0C41060065D4DE /* PersonalRoomTableViewCell.swift */ = {isa = PBXFileReference; lastKnownFileType = sourcecode.swift; path = PersonalRoomTableViewCell.swift; sourceTree = "<group>"; };
		C06DD6322C0C41060065D4DE /* PersonalRoomTableViewCell.xib */ = {isa = PBXFileReference; lastKnownFileType = file.xib; path = PersonalRoomTableViewCell.xib; sourceTree = "<group>"; };
		C0754CD52C05FA020097D1A0 /* UILabel+.swift */ = {isa = PBXFileReference; lastKnownFileType = sourcecode.swift; path = "UILabel+.swift"; sourceTree = "<group>"; };
		C07EF6BB2C0C49F900C23229 /* GroupRoomTableViewCell.swift */ = {isa = PBXFileReference; lastKnownFileType = sourcecode.swift; path = GroupRoomTableViewCell.swift; sourceTree = "<group>"; };
		C07EF6BC2C0C49F900C23229 /* GroupRoomTableViewCell.xib */ = {isa = PBXFileReference; lastKnownFileType = file.xib; path = GroupRoomTableViewCell.xib; sourceTree = "<group>"; };
		C08249D72C0743E800299987 /* AdDetailViewController.swift */ = {isa = PBXFileReference; lastKnownFileType = sourcecode.swift; path = AdDetailViewController.swift; sourceTree = "<group>"; };
		C08249D92C0743FF00299987 /* Detail.storyboard */ = {isa = PBXFileReference; lastKnownFileType = file.storyboard; path = Detail.storyboard; sourceTree = "<group>"; };
		C08249DB2C074A1A00299987 /* TravelDetailViewController.swift */ = {isa = PBXFileReference; lastKnownFileType = sourcecode.swift; path = TravelDetailViewController.swift; sourceTree = "<group>"; };
		C08249DE2C074C2200299987 /* CityInfo.storyboard */ = {isa = PBXFileReference; lastKnownFileType = file.storyboard; path = CityInfo.storyboard; sourceTree = "<group>"; };
		C08249E02C074C5300299987 /* CityInfoViewController.swift */ = {isa = PBXFileReference; lastKnownFileType = sourcecode.swift; path = CityInfoViewController.swift; sourceTree = "<group>"; };
		C08249E22C074CD200299987 /* CityInfo.swift */ = {isa = PBXFileReference; fileEncoding = 4; lastKnownFileType = sourcecode.swift; path = CityInfo.swift; sourceTree = "<group>"; };
		C08249E62C074F8900299987 /* CityTableViewCell.swift */ = {isa = PBXFileReference; lastKnownFileType = sourcecode.swift; path = CityTableViewCell.swift; sourceTree = "<group>"; };
		C08249E72C074F8900299987 /* CityTableViewCell.xib */ = {isa = PBXFileReference; lastKnownFileType = file.xib; path = CityTableViewCell.xib; sourceTree = "<group>"; };
		C09E32432C086F5500C6BDF6 /* RestaurantMap.storyboard */ = {isa = PBXFileReference; lastKnownFileType = file.storyboard; path = RestaurantMap.storyboard; sourceTree = "<group>"; };
		C09E32452C086F6200C6BDF6 /* RestaurantMapViewController.swift */ = {isa = PBXFileReference; lastKnownFileType = sourcecode.swift; path = RestaurantMapViewController.swift; sourceTree = "<group>"; };
		C0A2F9D52C045D96001CFAA2 /* TravelModel.swift */ = {isa = PBXFileReference; fileEncoding = 4; lastKnownFileType = sourcecode.swift; path = TravelModel.swift; sourceTree = "<group>"; };
		C0A2F9D72C0464DF001CFAA2 /* TravelTableViewCell.swift */ = {isa = PBXFileReference; lastKnownFileType = sourcecode.swift; path = TravelTableViewCell.swift; sourceTree = "<group>"; };
		C0A2F9D82C0464DF001CFAA2 /* TravelTableViewCell.xib */ = {isa = PBXFileReference; lastKnownFileType = file.xib; path = TravelTableViewCell.xib; sourceTree = "<group>"; };
		C0A2F9DB2C0464FA001CFAA2 /* AdTableViewCell.swift */ = {isa = PBXFileReference; lastKnownFileType = sourcecode.swift; path = AdTableViewCell.swift; sourceTree = "<group>"; };
		C0A2F9DC2C0464FA001CFAA2 /* AdTableViewCell.xib */ = {isa = PBXFileReference; lastKnownFileType = file.xib; path = AdTableViewCell.xib; sourceTree = "<group>"; };
		C0A2F9E32C04835D001CFAA2 /* TravelViewController.swift */ = {isa = PBXFileReference; lastKnownFileType = sourcecode.swift; path = TravelViewController.swift; sourceTree = "<group>"; };
		C0A341252C01F92F008F373F /* Magazine.app */ = {isa = PBXFileReference; explicitFileType = wrapper.application; includeInIndex = 0; path = Magazine.app; sourceTree = BUILT_PRODUCTS_DIR; };
		C0A341282C01F92F008F373F /* AppDelegate.swift */ = {isa = PBXFileReference; lastKnownFileType = sourcecode.swift; path = AppDelegate.swift; sourceTree = "<group>"; };
		C0A3412A2C01F92F008F373F /* SceneDelegate.swift */ = {isa = PBXFileReference; lastKnownFileType = sourcecode.swift; path = SceneDelegate.swift; sourceTree = "<group>"; };
		C0A3412F2C01F92F008F373F /* Base */ = {isa = PBXFileReference; lastKnownFileType = file.storyboard; name = Base; path = Base.lproj/Main.storyboard; sourceTree = "<group>"; };
		C0A341312C01F931008F373F /* Assets.xcassets */ = {isa = PBXFileReference; lastKnownFileType = folder.assetcatalog; path = Assets.xcassets; sourceTree = "<group>"; };
		C0A341342C01F931008F373F /* Base */ = {isa = PBXFileReference; lastKnownFileType = file.storyboard; name = Base; path = Base.lproj/LaunchScreen.storyboard; sourceTree = "<group>"; };
		C0A341362C01F931008F373F /* Info.plist */ = {isa = PBXFileReference; lastKnownFileType = text.plist.xml; path = Info.plist; sourceTree = "<group>"; };
		C0A3413F2C020272008F373F /* MagazineTableViewController.swift */ = {isa = PBXFileReference; lastKnownFileType = sourcecode.swift; path = MagazineTableViewController.swift; sourceTree = "<group>"; };
		C0A341412C020294008F373F /* MagazineTableViewCell.swift */ = {isa = PBXFileReference; lastKnownFileType = sourcecode.swift; path = MagazineTableViewCell.swift; sourceTree = "<group>"; };
		C0A341432C020428008F373F /* MagazineInfo.swift */ = {isa = PBXFileReference; fileEncoding = 4; lastKnownFileType = sourcecode.swift; path = MagazineInfo.swift; sourceTree = "<group>"; };
		C0A341472C022F4B008F373F /* RestaurantTableViewCell.swift */ = {isa = PBXFileReference; lastKnownFileType = sourcecode.swift; path = RestaurantTableViewCell.swift; sourceTree = "<group>"; };
		C0A3414B2C022F93008F373F /* RestaurantTableViewController.swift */ = {isa = PBXFileReference; lastKnownFileType = sourcecode.swift; path = RestaurantTableViewController.swift; sourceTree = "<group>"; };
		C0A3414D2C022FC3008F373F /* Restaurant.swift */ = {isa = PBXFileReference; fileEncoding = 4; lastKnownFileType = sourcecode.swift; path = Restaurant.swift; sourceTree = "<group>"; };
		C0CACD422C3D690D00DE6691 /* CityInfoViewModel.swift */ = {isa = PBXFileReference; lastKnownFileType = sourcecode.swift; path = CityInfoViewModel.swift; sourceTree = "<group>"; };
		C0D383072C0C66D30081F8D5 /* ChatRoomViewController.swift */ = {isa = PBXFileReference; lastKnownFileType = sourcecode.swift; path = ChatRoomViewController.swift; sourceTree = "<group>"; };
		C0D3830F2C0C720F0081F8D5 /* MemberChattingTableViewCell.swift */ = {isa = PBXFileReference; lastKnownFileType = sourcecode.swift; path = MemberChattingTableViewCell.swift; sourceTree = "<group>"; };
		C0D383102C0C720F0081F8D5 /* MemberChattingTableViewCell.xib */ = {isa = PBXFileReference; lastKnownFileType = file.xib; path = MemberChattingTableViewCell.xib; sourceTree = "<group>"; };
		C0D383132C0C93C50081F8D5 /* MyChattingTableViewCell.swift */ = {isa = PBXFileReference; lastKnownFileType = sourcecode.swift; path = MyChattingTableViewCell.swift; sourceTree = "<group>"; };
		C0D383142C0C93C50081F8D5 /* MyChattingTableViewCell.xib */ = {isa = PBXFileReference; lastKnownFileType = file.xib; path = MyChattingTableViewCell.xib; sourceTree = "<group>"; };
/* End PBXFileReference section */

/* Begin PBXFrameworksBuildPhase section */
		C0A341222C01F92F008F373F /* Frameworks */ = {
			isa = PBXFrameworksBuildPhase;
			buildActionMask = 2147483647;
			files = (
				C0A3413E2C01F99E008F373F /* Kingfisher in Frameworks */,
			);
			runOnlyForDeploymentPostprocessing = 0;
		};
/* End PBXFrameworksBuildPhase section */

/* Begin PBXGroup section */
		C06DD62A2C0C3D780065D4DE /* Chatting */ = {
			isa = PBXGroup;
			children = (
				C06DD62B2C0C3D920065D4DE /* ChattingData.swift */,
				C06DD62D2C0C3D9F0065D4DE /* Chatting.storyboard */,
				C06DD62F2C0C3DC00065D4DE /* ChattingViewController.swift */,
				C0D383072C0C66D30081F8D5 /* ChatRoomViewController.swift */,
				C06DD6352C0C411B0065D4DE /* ChatRoom */,
				C0D383092C0C71BA0081F8D5 /* Chatting */,
			);
			path = Chatting;
			sourceTree = "<group>";
		};
		C06DD6352C0C411B0065D4DE /* ChatRoom */ = {
			isa = PBXGroup;
			children = (
				C06DD6312C0C41060065D4DE /* PersonalRoomTableViewCell.swift */,
				C06DD6322C0C41060065D4DE /* PersonalRoomTableViewCell.xib */,
				C07EF6BB2C0C49F900C23229 /* GroupRoomTableViewCell.swift */,
				C07EF6BC2C0C49F900C23229 /* GroupRoomTableViewCell.xib */,
			);
			path = ChatRoom;
			sourceTree = "<group>";
		};
		C0754CD42C05F8000097D1A0 /* Extension */ = {
			isa = PBXGroup;
			children = (
				C0754CD52C05FA020097D1A0 /* UILabel+.swift */,
			);
			path = Extension;
			sourceTree = "<group>";
		};
		C08249DD2C074C0800299987 /* CityInfo */ = {
			isa = PBXGroup;
			children = (
				C08249E22C074CD200299987 /* CityInfo.swift */,
				C08249DE2C074C2200299987 /* CityInfo.storyboard */,
				C08249E02C074C5300299987 /* CityInfoViewController.swift */,
				C08249E62C074F8900299987 /* CityTableViewCell.swift */,
				C08249E72C074F8900299987 /* CityTableViewCell.xib */,
				C0CACD422C3D690D00DE6691 /* CityInfoViewModel.swift */,
			);
			path = CityInfo;
			sourceTree = "<group>";
		};
		C0A2F9D42C045D76001CFAA2 /* Travel */ = {
			isa = PBXGroup;
			children = (
				C0A2F9D52C045D96001CFAA2 /* TravelModel.swift */,
				C0A2F9D72C0464DF001CFAA2 /* TravelTableViewCell.swift */,
				C0A2F9D82C0464DF001CFAA2 /* TravelTableViewCell.xib */,
				C0A2F9DB2C0464FA001CFAA2 /* AdTableViewCell.swift */,
				C0A2F9DC2C0464FA001CFAA2 /* AdTableViewCell.xib */,
				C0A2F9E32C04835D001CFAA2 /* TravelViewController.swift */,
				C08249DB2C074A1A00299987 /* TravelDetailViewController.swift */,
				C08249D72C0743E800299987 /* AdDetailViewController.swift */,
				C08249D92C0743FF00299987 /* Detail.storyboard */,
			);
			path = Travel;
			sourceTree = "<group>";
		};
		C0A3411C2C01F92F008F373F = {
			isa = PBXGroup;
			children = (
				C0A341272C01F92F008F373F /* Magazine */,
				C0A341262C01F92F008F373F /* Products */,
			);
			sourceTree = "<group>";
		};
		C0A341262C01F92F008F373F /* Products */ = {
			isa = PBXGroup;
			children = (
				C0A341252C01F92F008F373F /* Magazine.app */,
			);
			name = Products;
			sourceTree = "<group>";
		};
		C0A341272C01F92F008F373F /* Magazine */ = {
			isa = PBXGroup;
			children = (
				C06DD62A2C0C3D780065D4DE /* Chatting */,
				C0754CD42C05F8000097D1A0 /* Extension */,
				C0A341462C022EF2008F373F /* Restaurant */,
				C0A341452C022EE0008F373F /* Magazine */,
				C0A2F9D42C045D76001CFAA2 /* Travel */,
				C08249DD2C074C0800299987 /* CityInfo */,
				C0A341282C01F92F008F373F /* AppDelegate.swift */,
				C0A3412A2C01F92F008F373F /* SceneDelegate.swift */,
				C0A3412E2C01F92F008F373F /* Main.storyboard */,
				C0A341312C01F931008F373F /* Assets.xcassets */,
				C0A341332C01F931008F373F /* LaunchScreen.storyboard */,
				C0A341362C01F931008F373F /* Info.plist */,
			);
			path = Magazine;
			sourceTree = "<group>";
		};
		C0A341452C022EE0008F373F /* Magazine */ = {
			isa = PBXGroup;
			children = (
				C0A341432C020428008F373F /* MagazineInfo.swift */,
				C0A341412C020294008F373F /* MagazineTableViewCell.swift */,
				C0A3413F2C020272008F373F /* MagazineTableViewController.swift */,
			);
			path = Magazine;
			sourceTree = "<group>";
		};
		C0A341462C022EF2008F373F /* Restaurant */ = {
			isa = PBXGroup;
			children = (
				C0A341472C022F4B008F373F /* RestaurantTableViewCell.swift */,
				C0A3414B2C022F93008F373F /* RestaurantTableViewController.swift */,
				C0A3414D2C022FC3008F373F /* Restaurant.swift */,
				C09E32432C086F5500C6BDF6 /* RestaurantMap.storyboard */,
				C09E32452C086F6200C6BDF6 /* RestaurantMapViewController.swift */,
			);
			path = Restaurant;
			sourceTree = "<group>";
		};
		C0D383092C0C71BA0081F8D5 /* Chatting */ = {
			isa = PBXGroup;
			children = (
				C0D3830F2C0C720F0081F8D5 /* MemberChattingTableViewCell.swift */,
				C0D383102C0C720F0081F8D5 /* MemberChattingTableViewCell.xib */,
				C0D383132C0C93C50081F8D5 /* MyChattingTableViewCell.swift */,
				C0D383142C0C93C50081F8D5 /* MyChattingTableViewCell.xib */,
			);
			path = Chatting;
			sourceTree = "<group>";
		};
/* End PBXGroup section */

/* Begin PBXNativeTarget section */
		C0A341242C01F92F008F373F /* Magazine */ = {
			isa = PBXNativeTarget;
			buildConfigurationList = C0A341392C01F931008F373F /* Build configuration list for PBXNativeTarget "Magazine" */;
			buildPhases = (
				C0A341212C01F92F008F373F /* Sources */,
				C0A341222C01F92F008F373F /* Frameworks */,
				C0A341232C01F92F008F373F /* Resources */,
			);
			buildRules = (
			);
			dependencies = (
			);
			name = Magazine;
			packageProductDependencies = (
				C0A3413D2C01F99E008F373F /* Kingfisher */,
			);
			productName = Magazine;
			productReference = C0A341252C01F92F008F373F /* Magazine.app */;
			productType = "com.apple.product-type.application";
		};
/* End PBXNativeTarget section */

/* Begin PBXProject section */
		C0A3411D2C01F92F008F373F /* Project object */ = {
			isa = PBXProject;
			attributes = {
				BuildIndependentTargetsInParallel = 1;
				LastSwiftUpdateCheck = 1540;
				LastUpgradeCheck = 1540;
				TargetAttributes = {
					C0A341242C01F92F008F373F = {
						CreatedOnToolsVersion = 15.4;
					};
				};
			};
			buildConfigurationList = C0A341202C01F92F008F373F /* Build configuration list for PBXProject "Magazine" */;
			compatibilityVersion = "Xcode 14.0";
			developmentRegion = en;
			hasScannedForEncodings = 0;
			knownRegions = (
				en,
				Base,
			);
			mainGroup = C0A3411C2C01F92F008F373F;
			packageReferences = (
				C0A3413C2C01F99E008F373F /* XCRemoteSwiftPackageReference "Kingfisher" */,
			);
			productRefGroup = C0A341262C01F92F008F373F /* Products */;
			projectDirPath = "";
			projectRoot = "";
			targets = (
				C0A341242C01F92F008F373F /* Magazine */,
			);
		};
/* End PBXProject section */

/* Begin PBXResourcesBuildPhase section */
		C0A341232C01F92F008F373F /* Resources */ = {
			isa = PBXResourcesBuildPhase;
			buildActionMask = 2147483647;
			files = (
				C0D383112C0C720F0081F8D5 /* MemberChattingTableViewCell.xib in Resources */,
				C0A2F9DD2C0464FA001CFAA2 /* AdTableViewCell.xib in Resources */,
				C0A341322C01F931008F373F /* Assets.xcassets in Resources */,
				C06DD6342C0C41060065D4DE /* PersonalRoomTableViewCell.xib in Resources */,
				C08249E92C074F8900299987 /* CityTableViewCell.xib in Resources */,
				C0D383152C0C93C50081F8D5 /* MyChattingTableViewCell.xib in Resources */,
				C0A2F9D92C0464DF001CFAA2 /* TravelTableViewCell.xib in Resources */,
				C06DD62E2C0C3D9F0065D4DE /* Chatting.storyboard in Resources */,
				C09E32442C086F5500C6BDF6 /* RestaurantMap.storyboard in Resources */,
				C08249DF2C074C2200299987 /* CityInfo.storyboard in Resources */,
				C07EF6BD2C0C49F900C23229 /* GroupRoomTableViewCell.xib in Resources */,
				C0A341352C01F931008F373F /* Base in Resources */,
				C0A341302C01F92F008F373F /* Base in Resources */,
				C08249DA2C0743FF00299987 /* Detail.storyboard in Resources */,
			);
			runOnlyForDeploymentPostprocessing = 0;
		};
/* End PBXResourcesBuildPhase section */

/* Begin PBXSourcesBuildPhase section */
		C0A341212C01F92F008F373F /* Sources */ = {
			isa = PBXSourcesBuildPhase;
			buildActionMask = 2147483647;
			files = (
				C08249E82C074F8900299987 /* CityTableViewCell.swift in Sources */,
				C0CACD432C3D690D00DE6691 /* CityInfoViewModel.swift in Sources */,
				C08249D82C0743E800299987 /* AdDetailViewController.swift in Sources */,
				C0A341422C020294008F373F /* MagazineTableViewCell.swift in Sources */,
				C0A341402C020272008F373F /* MagazineTableViewController.swift in Sources */,
				C0A3414C2C022F93008F373F /* RestaurantTableViewController.swift in Sources */,
				C0A2F9DA2C0464DF001CFAA2 /* TravelTableViewCell.swift in Sources */,
				C0A2F9D62C045D96001CFAA2 /* TravelModel.swift in Sources */,
				C0A341292C01F92F008F373F /* AppDelegate.swift in Sources */,
				C09E32462C086F6200C6BDF6 /* RestaurantMapViewController.swift in Sources */,
				C08249DC2C074A1A00299987 /* TravelDetailViewController.swift in Sources */,
				C0A2F9E42C04835D001CFAA2 /* TravelViewController.swift in Sources */,
				C0D383082C0C66D30081F8D5 /* ChatRoomViewController.swift in Sources */,
				C0A2F9DE2C0464FA001CFAA2 /* AdTableViewCell.swift in Sources */,
				C0D383162C0C93C50081F8D5 /* MyChattingTableViewCell.swift in Sources */,
				C0A3414E2C022FC3008F373F /* Restaurant.swift in Sources */,
				C06DD62C2C0C3D920065D4DE /* ChattingData.swift in Sources */,
				C06DD6332C0C41060065D4DE /* PersonalRoomTableViewCell.swift in Sources */,
				C08249E12C074C5300299987 /* CityInfoViewController.swift in Sources */,
				C06DD6302C0C3DC00065D4DE /* ChattingViewController.swift in Sources */,
				C08249E32C074CD200299987 /* CityInfo.swift in Sources */,
				C07EF6BE2C0C49F900C23229 /* GroupRoomTableViewCell.swift in Sources */,
				C0754CD62C05FA020097D1A0 /* UILabel+.swift in Sources */,
				C0D383122C0C720F0081F8D5 /* MemberChattingTableViewCell.swift in Sources */,
				C0A3412B2C01F92F008F373F /* SceneDelegate.swift in Sources */,
				C0A341482C022F4B008F373F /* RestaurantTableViewCell.swift in Sources */,
				C0A341442C020429008F373F /* MagazineInfo.swift in Sources */,
			);
			runOnlyForDeploymentPostprocessing = 0;
		};
/* End PBXSourcesBuildPhase section */

/* Begin PBXVariantGroup section */
		C0A3412E2C01F92F008F373F /* Main.storyboard */ = {
			isa = PBXVariantGroup;
			children = (
				C0A3412F2C01F92F008F373F /* Base */,
			);
			name = Main.storyboard;
			sourceTree = "<group>";
		};
		C0A341332C01F931008F373F /* LaunchScreen.storyboard */ = {
			isa = PBXVariantGroup;
			children = (
				C0A341342C01F931008F373F /* Base */,
			);
			name = LaunchScreen.storyboard;
			sourceTree = "<group>";
		};
/* End PBXVariantGroup section */

/* Begin XCBuildConfiguration section */
		C0A341372C01F931008F373F /* Debug */ = {
			isa = XCBuildConfiguration;
			buildSettings = {
				ALWAYS_SEARCH_USER_PATHS = NO;
				ASSETCATALOG_COMPILER_GENERATE_SWIFT_ASSET_SYMBOL_EXTENSIONS = YES;
				CLANG_ANALYZER_NONNULL = YES;
				CLANG_ANALYZER_NUMBER_OBJECT_CONVERSION = YES_AGGRESSIVE;
				CLANG_CXX_LANGUAGE_STANDARD = "gnu++20";
				CLANG_ENABLE_MODULES = YES;
				CLANG_ENABLE_OBJC_ARC = YES;
				CLANG_ENABLE_OBJC_WEAK = YES;
				CLANG_WARN_BLOCK_CAPTURE_AUTORELEASING = YES;
				CLANG_WARN_BOOL_CONVERSION = YES;
				CLANG_WARN_COMMA = YES;
				CLANG_WARN_CONSTANT_CONVERSION = YES;
				CLANG_WARN_DEPRECATED_OBJC_IMPLEMENTATIONS = YES;
				CLANG_WARN_DIRECT_OBJC_ISA_USAGE = YES_ERROR;
				CLANG_WARN_DOCUMENTATION_COMMENTS = YES;
				CLANG_WARN_EMPTY_BODY = YES;
				CLANG_WARN_ENUM_CONVERSION = YES;
				CLANG_WARN_INFINITE_RECURSION = YES;
				CLANG_WARN_INT_CONVERSION = YES;
				CLANG_WARN_NON_LITERAL_NULL_CONVERSION = YES;
				CLANG_WARN_OBJC_IMPLICIT_RETAIN_SELF = YES;
				CLANG_WARN_OBJC_LITERAL_CONVERSION = YES;
				CLANG_WARN_OBJC_ROOT_CLASS = YES_ERROR;
				CLANG_WARN_QUOTED_INCLUDE_IN_FRAMEWORK_HEADER = YES;
				CLANG_WARN_RANGE_LOOP_ANALYSIS = YES;
				CLANG_WARN_STRICT_PROTOTYPES = YES;
				CLANG_WARN_SUSPICIOUS_MOVE = YES;
				CLANG_WARN_UNGUARDED_AVAILABILITY = YES_AGGRESSIVE;
				CLANG_WARN_UNREACHABLE_CODE = YES;
				CLANG_WARN__DUPLICATE_METHOD_MATCH = YES;
				COPY_PHASE_STRIP = NO;
				DEBUG_INFORMATION_FORMAT = dwarf;
				ENABLE_STRICT_OBJC_MSGSEND = YES;
				ENABLE_TESTABILITY = YES;
				ENABLE_USER_SCRIPT_SANDBOXING = YES;
				GCC_C_LANGUAGE_STANDARD = gnu17;
				GCC_DYNAMIC_NO_PIC = NO;
				GCC_NO_COMMON_BLOCKS = YES;
				GCC_OPTIMIZATION_LEVEL = 0;
				GCC_PREPROCESSOR_DEFINITIONS = (
					"DEBUG=1",
					"$(inherited)",
				);
				GCC_WARN_64_TO_32_BIT_CONVERSION = YES;
				GCC_WARN_ABOUT_RETURN_TYPE = YES_ERROR;
				GCC_WARN_UNDECLARED_SELECTOR = YES;
				GCC_WARN_UNINITIALIZED_AUTOS = YES_AGGRESSIVE;
				GCC_WARN_UNUSED_FUNCTION = YES;
				GCC_WARN_UNUSED_VARIABLE = YES;
				IPHONEOS_DEPLOYMENT_TARGET = 17.5;
				LOCALIZATION_PREFERS_STRING_CATALOGS = YES;
				MTL_ENABLE_DEBUG_INFO = INCLUDE_SOURCE;
				MTL_FAST_MATH = YES;
				ONLY_ACTIVE_ARCH = YES;
				SDKROOT = iphoneos;
				SWIFT_ACTIVE_COMPILATION_CONDITIONS = "DEBUG $(inherited)";
				SWIFT_OPTIMIZATION_LEVEL = "-Onone";
			};
			name = Debug;
		};
		C0A341382C01F931008F373F /* Release */ = {
			isa = XCBuildConfiguration;
			buildSettings = {
				ALWAYS_SEARCH_USER_PATHS = NO;
				ASSETCATALOG_COMPILER_GENERATE_SWIFT_ASSET_SYMBOL_EXTENSIONS = YES;
				CLANG_ANALYZER_NONNULL = YES;
				CLANG_ANALYZER_NUMBER_OBJECT_CONVERSION = YES_AGGRESSIVE;
				CLANG_CXX_LANGUAGE_STANDARD = "gnu++20";
				CLANG_ENABLE_MODULES = YES;
				CLANG_ENABLE_OBJC_ARC = YES;
				CLANG_ENABLE_OBJC_WEAK = YES;
				CLANG_WARN_BLOCK_CAPTURE_AUTORELEASING = YES;
				CLANG_WARN_BOOL_CONVERSION = YES;
				CLANG_WARN_COMMA = YES;
				CLANG_WARN_CONSTANT_CONVERSION = YES;
				CLANG_WARN_DEPRECATED_OBJC_IMPLEMENTATIONS = YES;
				CLANG_WARN_DIRECT_OBJC_ISA_USAGE = YES_ERROR;
				CLANG_WARN_DOCUMENTATION_COMMENTS = YES;
				CLANG_WARN_EMPTY_BODY = YES;
				CLANG_WARN_ENUM_CONVERSION = YES;
				CLANG_WARN_INFINITE_RECURSION = YES;
				CLANG_WARN_INT_CONVERSION = YES;
				CLANG_WARN_NON_LITERAL_NULL_CONVERSION = YES;
				CLANG_WARN_OBJC_IMPLICIT_RETAIN_SELF = YES;
				CLANG_WARN_OBJC_LITERAL_CONVERSION = YES;
				CLANG_WARN_OBJC_ROOT_CLASS = YES_ERROR;
				CLANG_WARN_QUOTED_INCLUDE_IN_FRAMEWORK_HEADER = YES;
				CLANG_WARN_RANGE_LOOP_ANALYSIS = YES;
				CLANG_WARN_STRICT_PROTOTYPES = YES;
				CLANG_WARN_SUSPICIOUS_MOVE = YES;
				CLANG_WARN_UNGUARDED_AVAILABILITY = YES_AGGRESSIVE;
				CLANG_WARN_UNREACHABLE_CODE = YES;
				CLANG_WARN__DUPLICATE_METHOD_MATCH = YES;
				COPY_PHASE_STRIP = NO;
				DEBUG_INFORMATION_FORMAT = "dwarf-with-dsym";
				ENABLE_NS_ASSERTIONS = NO;
				ENABLE_STRICT_OBJC_MSGSEND = YES;
				ENABLE_USER_SCRIPT_SANDBOXING = YES;
				GCC_C_LANGUAGE_STANDARD = gnu17;
				GCC_NO_COMMON_BLOCKS = YES;
				GCC_WARN_64_TO_32_BIT_CONVERSION = YES;
				GCC_WARN_ABOUT_RETURN_TYPE = YES_ERROR;
				GCC_WARN_UNDECLARED_SELECTOR = YES;
				GCC_WARN_UNINITIALIZED_AUTOS = YES_AGGRESSIVE;
				GCC_WARN_UNUSED_FUNCTION = YES;
				GCC_WARN_UNUSED_VARIABLE = YES;
				IPHONEOS_DEPLOYMENT_TARGET = 17.5;
				LOCALIZATION_PREFERS_STRING_CATALOGS = YES;
				MTL_ENABLE_DEBUG_INFO = NO;
				MTL_FAST_MATH = YES;
				SDKROOT = iphoneos;
				SWIFT_COMPILATION_MODE = wholemodule;
				VALIDATE_PRODUCT = YES;
			};
			name = Release;
		};
		C0A3413A2C01F931008F373F /* Debug */ = {
			isa = XCBuildConfiguration;
			buildSettings = {
				ASSETCATALOG_COMPILER_APPICON_NAME = AppIcon;
				ASSETCATALOG_COMPILER_GLOBAL_ACCENT_COLOR_NAME = AccentColor;
				CODE_SIGN_STYLE = Automatic;
				CURRENT_PROJECT_VERSION = 1;
				DEVELOPMENT_TEAM = X3SZJ2WYSU;
				GENERATE_INFOPLIST_FILE = YES;
				INFOPLIST_FILE = Magazine/Info.plist;
				INFOPLIST_KEY_CFBundleDisplayName = " ";
				INFOPLIST_KEY_UIApplicationSupportsIndirectInputEvents = YES;
				INFOPLIST_KEY_UILaunchStoryboardName = LaunchScreen;
				INFOPLIST_KEY_UIMainStoryboardFile = Main;
				INFOPLIST_KEY_UISupportedInterfaceOrientations_iPad = "UIInterfaceOrientationPortrait UIInterfaceOrientationPortraitUpsideDown UIInterfaceOrientationLandscapeLeft UIInterfaceOrientationLandscapeRight";
				INFOPLIST_KEY_UISupportedInterfaceOrientations_iPhone = "UIInterfaceOrientationPortrait UIInterfaceOrientationLandscapeLeft UIInterfaceOrientationLandscapeRight";
				IPHONEOS_DEPLOYMENT_TARGET = 16.0;
				LD_RUNPATH_SEARCH_PATHS = (
					"$(inherited)",
					"@executable_path/Frameworks",
				);
				MARKETING_VERSION = 1.0;
				PRODUCT_BUNDLE_IDENTIFIER = com.orzr.Magazine;
				PRODUCT_NAME = "$(TARGET_NAME)";
				SUPPORTED_PLATFORMS = "iphoneos iphonesimulator";
				SUPPORTS_MACCATALYST = NO;
				SUPPORTS_MAC_DESIGNED_FOR_IPHONE_IPAD = NO;
				SUPPORTS_XR_DESIGNED_FOR_IPHONE_IPAD = NO;
				SWIFT_EMIT_LOC_STRINGS = YES;
				SWIFT_VERSION = 5.0;
				TARGETED_DEVICE_FAMILY = 1;
			};
			name = Debug;
		};
		C0A3413B2C01F931008F373F /* Release */ = {
			isa = XCBuildConfiguration;
			buildSettings = {
				ASSETCATALOG_COMPILER_APPICON_NAME = AppIcon;
				ASSETCATALOG_COMPILER_GLOBAL_ACCENT_COLOR_NAME = AccentColor;
				CODE_SIGN_STYLE = Automatic;
				CURRENT_PROJECT_VERSION = 1;
				DEVELOPMENT_TEAM = X3SZJ2WYSU;
				GENERATE_INFOPLIST_FILE = YES;
				INFOPLIST_FILE = Magazine/Info.plist;
				INFOPLIST_KEY_CFBundleDisplayName = " ";
				INFOPLIST_KEY_UIApplicationSupportsIndirectInputEvents = YES;
				INFOPLIST_KEY_UILaunchStoryboardName = LaunchScreen;
				INFOPLIST_KEY_UIMainStoryboardFile = Main;
				INFOPLIST_KEY_UISupportedInterfaceOrientations_iPad = "UIInterfaceOrientationPortrait UIInterfaceOrientationPortraitUpsideDown UIInterfaceOrientationLandscapeLeft UIInterfaceOrientationLandscapeRight";
				INFOPLIST_KEY_UISupportedInterfaceOrientations_iPhone = "UIInterfaceOrientationPortrait UIInterfaceOrientationLandscapeLeft UIInterfaceOrientationLandscapeRight";
				IPHONEOS_DEPLOYMENT_TARGET = 16.0;
				LD_RUNPATH_SEARCH_PATHS = (
					"$(inherited)",
					"@executable_path/Frameworks",
				);
				MARKETING_VERSION = 1.0;
				PRODUCT_BUNDLE_IDENTIFIER = com.orzr.Magazine;
				PRODUCT_NAME = "$(TARGET_NAME)";
				SUPPORTED_PLATFORMS = "iphoneos iphonesimulator";
				SUPPORTS_MACCATALYST = NO;
				SUPPORTS_MAC_DESIGNED_FOR_IPHONE_IPAD = NO;
				SUPPORTS_XR_DESIGNED_FOR_IPHONE_IPAD = NO;
				SWIFT_EMIT_LOC_STRINGS = YES;
				SWIFT_VERSION = 5.0;
				TARGETED_DEVICE_FAMILY = 1;
			};
			name = Release;
		};
/* End XCBuildConfiguration section */

/* Begin XCConfigurationList section */
		C0A341202C01F92F008F373F /* Build configuration list for PBXProject "Magazine" */ = {
			isa = XCConfigurationList;
			buildConfigurations = (
				C0A341372C01F931008F373F /* Debug */,
				C0A341382C01F931008F373F /* Release */,
			);
			defaultConfigurationIsVisible = 0;
			defaultConfigurationName = Release;
		};
		C0A341392C01F931008F373F /* Build configuration list for PBXNativeTarget "Magazine" */ = {
			isa = XCConfigurationList;
			buildConfigurations = (
				C0A3413A2C01F931008F373F /* Debug */,
				C0A3413B2C01F931008F373F /* Release */,
			);
			defaultConfigurationIsVisible = 0;
			defaultConfigurationName = Release;
		};
/* End XCConfigurationList section */

/* Begin XCRemoteSwiftPackageReference section */
		C0A3413C2C01F99E008F373F /* XCRemoteSwiftPackageReference "Kingfisher" */ = {
			isa = XCRemoteSwiftPackageReference;
			repositoryURL = "https://github.com/onevcat/Kingfisher";
			requirement = {
				kind = upToNextMajorVersion;
				minimumVersion = 7.11.0;
			};
		};
/* End XCRemoteSwiftPackageReference section */

/* Begin XCSwiftPackageProductDependency section */
		C0A3413D2C01F99E008F373F /* Kingfisher */ = {
			isa = XCSwiftPackageProductDependency;
			package = C0A3413C2C01F99E008F373F /* XCRemoteSwiftPackageReference "Kingfisher" */;
			productName = Kingfisher;
		};
/* End XCSwiftPackageProductDependency section */
	};
	rootObject = C0A3411D2C01F92F008F373F /* Project object */;
}
