// !$*UTF8*$!
{
	archiveVersion = 1;
	classes = {
	};
	objectVersion = 56;
	objects = {

/* Begin PBXBuildFile section */
		C061D0F32C296474007E9961 /* DetailViewController.swift in Sources */ = {isa = PBXBuildFile; fileRef = C061D0F22C296474007E9961 /* DetailViewController.swift */; };
		C0FCA7152C16DC66002CCADA /* AppDelegate.swift in Sources */ = {isa = PBXBuildFile; fileRef = C0FCA7142C16DC66002CCADA /* AppDelegate.swift */; };
		C0FCA7172C16DC66002CCADA /* SceneDelegate.swift in Sources */ = {isa = PBXBuildFile; fileRef = C0FCA7162C16DC66002CCADA /* SceneDelegate.swift */; };
		C0FCA7192C16DC66002CCADA /* ViewController.swift in Sources */ = {isa = PBXBuildFile; fileRef = C0FCA7182C16DC66002CCADA /* ViewController.swift */; };
		C0FCA71E2C16DC68002CCADA /* Assets.xcassets in Resources */ = {isa = PBXBuildFile; fileRef = C0FCA71D2C16DC68002CCADA /* Assets.xcassets */; };
		C0FCA7212C16DC68002CCADA /* Base in Resources */ = {isa = PBXBuildFile; fileRef = C0FCA7202C16DC68002CCADA /* Base */; };
		C0FCA72A2C16DCAF002CCADA /* SnapKit in Frameworks */ = {isa = PBXBuildFile; productRef = C0FCA7292C16DCAF002CCADA /* SnapKit */; };
		C0FCA72D2C16DCBC002CCADA /* Alamofire in Frameworks */ = {isa = PBXBuildFile; productRef = C0FCA72C2C16DCBC002CCADA /* Alamofire */; };
		C0FCA72F2C16E01A002CCADA /* MediaTableViewCell.swift in Sources */ = {isa = PBXBuildFile; fileRef = C0FCA72E2C16E01A002CCADA /* MediaTableViewCell.swift */; };
		C0FCA7312C16F74E002CCADA /* APIKey.swift in Sources */ = {isa = PBXBuildFile; fileRef = C0FCA7302C16F74E002CCADA /* APIKey.swift */; };
		C0FCA7332C16FB1C002CCADA /* Media.swift in Sources */ = {isa = PBXBuildFile; fileRef = C0FCA7322C16FB1C002CCADA /* Media.swift */; };
		C0FCA7362C173ECD002CCADA /* Kingfisher in Frameworks */ = {isa = PBXBuildFile; productRef = C0FCA7352C173ECD002CCADA /* Kingfisher */; };
		C0FCA73A2C17E0A7002CCADA /* Credits.swift in Sources */ = {isa = PBXBuildFile; fileRef = C0FCA7392C17E0A7002CCADA /* Credits.swift */; };
/* End PBXBuildFile section */

/* Begin PBXFileReference section */
		C061D0F22C296474007E9961 /* DetailViewController.swift */ = {isa = PBXFileReference; lastKnownFileType = sourcecode.swift; path = DetailViewController.swift; sourceTree = "<group>"; };
		C0FCA7112C16DC66002CCADA /* Media.app */ = {isa = PBXFileReference; explicitFileType = wrapper.application; includeInIndex = 0; path = Media.app; sourceTree = BUILT_PRODUCTS_DIR; };
		C0FCA7142C16DC66002CCADA /* AppDelegate.swift */ = {isa = PBXFileReference; lastKnownFileType = sourcecode.swift; path = AppDelegate.swift; sourceTree = "<group>"; };
		C0FCA7162C16DC66002CCADA /* SceneDelegate.swift */ = {isa = PBXFileReference; lastKnownFileType = sourcecode.swift; path = SceneDelegate.swift; sourceTree = "<group>"; };
		C0FCA7182C16DC66002CCADA /* ViewController.swift */ = {isa = PBXFileReference; lastKnownFileType = sourcecode.swift; path = ViewController.swift; sourceTree = "<group>"; };
		C0FCA71D2C16DC68002CCADA /* Assets.xcassets */ = {isa = PBXFileReference; lastKnownFileType = folder.assetcatalog; path = Assets.xcassets; sourceTree = "<group>"; };
		C0FCA7202C16DC68002CCADA /* Base */ = {isa = PBXFileReference; lastKnownFileType = file.storyboard; name = Base; path = Base.lproj/LaunchScreen.storyboard; sourceTree = "<group>"; };
		C0FCA7222C16DC68002CCADA /* Info.plist */ = {isa = PBXFileReference; lastKnownFileType = text.plist.xml; path = Info.plist; sourceTree = "<group>"; };
		C0FCA72E2C16E01A002CCADA /* MediaTableViewCell.swift */ = {isa = PBXFileReference; lastKnownFileType = sourcecode.swift; path = MediaTableViewCell.swift; sourceTree = "<group>"; };
		C0FCA7302C16F74E002CCADA /* APIKey.swift */ = {isa = PBXFileReference; lastKnownFileType = sourcecode.swift; path = APIKey.swift; sourceTree = "<group>"; };
		C0FCA7322C16FB1C002CCADA /* Media.swift */ = {isa = PBXFileReference; lastKnownFileType = sourcecode.swift; path = Media.swift; sourceTree = "<group>"; };
		C0FCA7392C17E0A7002CCADA /* Credits.swift */ = {isa = PBXFileReference; lastKnownFileType = sourcecode.swift; path = Credits.swift; sourceTree = "<group>"; };
/* End PBXFileReference section */

/* Begin PBXFrameworksBuildPhase section */
		C0FCA70E2C16DC66002CCADA /* Frameworks */ = {
			isa = PBXFrameworksBuildPhase;
			buildActionMask = 2147483647;
			files = (
				C0FCA7362C173ECD002CCADA /* Kingfisher in Frameworks */,
				C0FCA72A2C16DCAF002CCADA /* SnapKit in Frameworks */,
				C0FCA72D2C16DCBC002CCADA /* Alamofire in Frameworks */,
			);
			runOnlyForDeploymentPostprocessing = 0;
		};
/* End PBXFrameworksBuildPhase section */

/* Begin PBXGroup section */
		C0FCA7082C16DC66002CCADA = {
			isa = PBXGroup;
			children = (
				C0FCA7132C16DC66002CCADA /* Media */,
				C0FCA7122C16DC66002CCADA /* Products */,
			);
			sourceTree = "<group>";
		};
		C0FCA7122C16DC66002CCADA /* Products */ = {
			isa = PBXGroup;
			children = (
				C0FCA7112C16DC66002CCADA /* Media.app */,
			);
			name = Products;
			sourceTree = "<group>";
		};
		C0FCA7132C16DC66002CCADA /* Media */ = {
			isa = PBXGroup;
			children = (
				C0FCA7142C16DC66002CCADA /* AppDelegate.swift */,
				C0FCA7162C16DC66002CCADA /* SceneDelegate.swift */,
				C0FCA7182C16DC66002CCADA /* ViewController.swift */,
				C0FCA72E2C16E01A002CCADA /* MediaTableViewCell.swift */,
				C061D0F22C296474007E9961 /* DetailViewController.swift */,
				C0FCA71D2C16DC68002CCADA /* Assets.xcassets */,
				C0FCA71F2C16DC68002CCADA /* LaunchScreen.storyboard */,
				C0FCA7222C16DC68002CCADA /* Info.plist */,
				C0FCA7302C16F74E002CCADA /* APIKey.swift */,
				C0FCA7322C16FB1C002CCADA /* Media.swift */,
				C0FCA7392C17E0A7002CCADA /* Credits.swift */,
			);
			path = Media;
			sourceTree = "<group>";
		};
/* End PBXGroup section */

/* Begin PBXNativeTarget section */
		C0FCA7102C16DC66002CCADA /* Media */ = {
			isa = PBXNativeTarget;
			buildConfigurationList = C0FCA7252C16DC68002CCADA /* Build configuration list for PBXNativeTarget "Media" */;
			buildPhases = (
				C0FCA70D2C16DC66002CCADA /* Sources */,
				C0FCA70E2C16DC66002CCADA /* Frameworks */,
				C0FCA70F2C16DC66002CCADA /* Resources */,
			);
			buildRules = (
			);
			dependencies = (
			);
			name = Media;
			packageProductDependencies = (
				C0FCA7292C16DCAF002CCADA /* SnapKit */,
				C0FCA72C2C16DCBC002CCADA /* Alamofire */,
				C0FCA7352C173ECD002CCADA /* Kingfisher */,
			);
			productName = Media;
			productReference = C0FCA7112C16DC66002CCADA /* Media.app */;
			productType = "com.apple.product-type.application";
		};
/* End PBXNativeTarget section */

/* Begin PBXProject section */
		C0FCA7092C16DC66002CCADA /* Project object */ = {
			isa = PBXProject;
			attributes = {
				BuildIndependentTargetsInParallel = 1;
				LastSwiftUpdateCheck = 1540;
				LastUpgradeCheck = 1540;
				TargetAttributes = {
					C0FCA7102C16DC66002CCADA = {
						CreatedOnToolsVersion = 15.4;
					};
				};
			};
			buildConfigurationList = C0FCA70C2C16DC66002CCADA /* Build configuration list for PBXProject "Media" */;
			compatibilityVersion = "Xcode 14.0";
			developmentRegion = en;
			hasScannedForEncodings = 0;
			knownRegions = (
				en,
				Base,
			);
			mainGroup = C0FCA7082C16DC66002CCADA;
			packageReferences = (
				C0FCA7282C16DCAF002CCADA /* XCRemoteSwiftPackageReference "SnapKit" */,
				C0FCA72B2C16DCBC002CCADA /* XCRemoteSwiftPackageReference "Alamofire" */,
				C0FCA7342C173ECD002CCADA /* XCRemoteSwiftPackageReference "Kingfisher" */,
			);
			productRefGroup = C0FCA7122C16DC66002CCADA /* Products */;
			projectDirPath = "";
			projectRoot = "";
			targets = (
				C0FCA7102C16DC66002CCADA /* Media */,
			);
		};
/* End PBXProject section */

/* Begin PBXResourcesBuildPhase section */
		C0FCA70F2C16DC66002CCADA /* Resources */ = {
			isa = PBXResourcesBuildPhase;
			buildActionMask = 2147483647;
			files = (
				C0FCA71E2C16DC68002CCADA /* Assets.xcassets in Resources */,
				C0FCA7212C16DC68002CCADA /* Base in Resources */,
			);
			runOnlyForDeploymentPostprocessing = 0;
		};
/* End PBXResourcesBuildPhase section */

/* Begin PBXSourcesBuildPhase section */
		C0FCA70D2C16DC66002CCADA /* Sources */ = {
			isa = PBXSourcesBuildPhase;
			buildActionMask = 2147483647;
			files = (
				C0FCA7192C16DC66002CCADA /* ViewController.swift in Sources */,
				C0FCA7152C16DC66002CCADA /* AppDelegate.swift in Sources */,
				C0FCA7332C16FB1C002CCADA /* Media.swift in Sources */,
				C0FCA72F2C16E01A002CCADA /* MediaTableViewCell.swift in Sources */,
				C0FCA7172C16DC66002CCADA /* SceneDelegate.swift in Sources */,
				C0FCA7312C16F74E002CCADA /* APIKey.swift in Sources */,
				C0FCA73A2C17E0A7002CCADA /* Credits.swift in Sources */,
				C061D0F32C296474007E9961 /* DetailViewController.swift in Sources */,
			);
			runOnlyForDeploymentPostprocessing = 0;
		};
/* End PBXSourcesBuildPhase section */

/* Begin PBXVariantGroup section */
		C0FCA71F2C16DC68002CCADA /* LaunchScreen.storyboard */ = {
			isa = PBXVariantGroup;
			children = (
				C0FCA7202C16DC68002CCADA /* Base */,
			);
			name = LaunchScreen.storyboard;
			sourceTree = "<group>";
		};
/* End PBXVariantGroup section */

/* Begin XCBuildConfiguration section */
		C0FCA7232C16DC68002CCADA /* Debug */ = {
			isa = XCBuildConfiguration;
			buildSettings = {
				ALWAYS_SEARCH_USER_PATHS = NO;
				ASSETCATALOG_COMPILER_GENERATE_SWIFT_ASSET_SYMBOL_EXTENSIONS = YES;
				CLANG_ANALYZER_NONNULL = YES;
				CLANG_ANALYZER_NUMBER_OBJECT_CONVERSION = YES_AGGRESSIVE;
				CLANG_CXX_LANGUAGE_STANDARD = "gnu++20";
				CLANG_ENABLE_MODULES = YES;
				CLANG_ENABLE_OBJC_ARC = YES;
				CLANG_ENABLE_OBJC_WEAK = YES;
				CLANG_WARN_BLOCK_CAPTURE_AUTORELEASING = YES;
				CLANG_WARN_BOOL_CONVERSION = YES;
				CLANG_WARN_COMMA = YES;
				CLANG_WARN_CONSTANT_CONVERSION = YES;
				CLANG_WARN_DEPRECATED_OBJC_IMPLEMENTATIONS = YES;
				CLANG_WARN_DIRECT_OBJC_ISA_USAGE = YES_ERROR;
				CLANG_WARN_DOCUMENTATION_COMMENTS = YES;
				CLANG_WARN_EMPTY_BODY = YES;
				CLANG_WARN_ENUM_CONVERSION = YES;
				CLANG_WARN_INFINITE_RECURSION = YES;
				CLANG_WARN_INT_CONVERSION = YES;
				CLANG_WARN_NON_LITERAL_NULL_CONVERSION = YES;
				CLANG_WARN_OBJC_IMPLICIT_RETAIN_SELF = YES;
				CLANG_WARN_OBJC_LITERAL_CONVERSION = YES;
				CLANG_WARN_OBJC_ROOT_CLASS = YES_ERROR;
				CLANG_WARN_QUOTED_INCLUDE_IN_FRAMEWORK_HEADER = YES;
				CLANG_WARN_RANGE_LOOP_ANALYSIS = YES;
				CLANG_WARN_STRICT_PROTOTYPES = YES;
				CLANG_WARN_SUSPICIOUS_MOVE = YES;
				CLANG_WARN_UNGUARDED_AVAILABILITY = YES_AGGRESSIVE;
				CLANG_WARN_UNREACHABLE_CODE = YES;
				CLANG_WARN__DUPLICATE_METHOD_MATCH = YES;
				COPY_PHASE_STRIP = NO;
				DEBUG_INFORMATION_FORMAT = dwarf;
				ENABLE_STRICT_OBJC_MSGSEND = YES;
				ENABLE_TESTABILITY = YES;
				ENABLE_USER_SCRIPT_SANDBOXING = YES;
				GCC_C_LANGUAGE_STANDARD = gnu17;
				GCC_DYNAMIC_NO_PIC = NO;
				GCC_NO_COMMON_BLOCKS = YES;
				GCC_OPTIMIZATION_LEVEL = 0;
				GCC_PREPROCESSOR_DEFINITIONS = (
					"DEBUG=1",
					"$(inherited)",
				);
				GCC_WARN_64_TO_32_BIT_CONVERSION = YES;
				GCC_WARN_ABOUT_RETURN_TYPE = YES_ERROR;
				GCC_WARN_UNDECLARED_SELECTOR = YES;
				GCC_WARN_UNINITIALIZED_AUTOS = YES_AGGRESSIVE;
				GCC_WARN_UNUSED_FUNCTION = YES;
				GCC_WARN_UNUSED_VARIABLE = YES;
				IPHONEOS_DEPLOYMENT_TARGET = 17.5;
				LOCALIZATION_PREFERS_STRING_CATALOGS = YES;
				MTL_ENABLE_DEBUG_INFO = INCLUDE_SOURCE;
				MTL_FAST_MATH = YES;
				ONLY_ACTIVE_ARCH = YES;
				SDKROOT = iphoneos;
				SWIFT_ACTIVE_COMPILATION_CONDITIONS = "DEBUG $(inherited)";
				SWIFT_OPTIMIZATION_LEVEL = "-Onone";
			};
			name = Debug;
		};
		C0FCA7242C16DC68002CCADA /* Release */ = {
			isa = XCBuildConfiguration;
			buildSettings = {
				ALWAYS_SEARCH_USER_PATHS = NO;
				ASSETCATALOG_COMPILER_GENERATE_SWIFT_ASSET_SYMBOL_EXTENSIONS = YES;
				CLANG_ANALYZER_NONNULL = YES;
				CLANG_ANALYZER_NUMBER_OBJECT_CONVERSION = YES_AGGRESSIVE;
				CLANG_CXX_LANGUAGE_STANDARD = "gnu++20";
				CLANG_ENABLE_MODULES = YES;
				CLANG_ENABLE_OBJC_ARC = YES;
				CLANG_ENABLE_OBJC_WEAK = YES;
				CLANG_WARN_BLOCK_CAPTURE_AUTORELEASING = YES;
				CLANG_WARN_BOOL_CONVERSION = YES;
				CLANG_WARN_COMMA = YES;
				CLANG_WARN_CONSTANT_CONVERSION = YES;
				CLANG_WARN_DEPRECATED_OBJC_IMPLEMENTATIONS = YES;
				CLANG_WARN_DIRECT_OBJC_ISA_USAGE = YES_ERROR;
				CLANG_WARN_DOCUMENTATION_COMMENTS = YES;
				CLANG_WARN_EMPTY_BODY = YES;
				CLANG_WARN_ENUM_CONVERSION = YES;
				CLANG_WARN_INFINITE_RECURSION = YES;
				CLANG_WARN_INT_CONVERSION = YES;
				CLANG_WARN_NON_LITERAL_NULL_CONVERSION = YES;
				CLANG_WARN_OBJC_IMPLICIT_RETAIN_SELF = YES;
				CLANG_WARN_OBJC_LITERAL_CONVERSION = YES;
				CLANG_WARN_OBJC_ROOT_CLASS = YES_ERROR;
				CLANG_WARN_QUOTED_INCLUDE_IN_FRAMEWORK_HEADER = YES;
				CLANG_WARN_RANGE_LOOP_ANALYSIS = YES;
				CLANG_WARN_STRICT_PROTOTYPES = YES;
				CLANG_WARN_SUSPICIOUS_MOVE = YES;
				CLANG_WARN_UNGUARDED_AVAILABILITY = YES_AGGRESSIVE;
				CLANG_WARN_UNREACHABLE_CODE = YES;
				CLANG_WARN__DUPLICATE_METHOD_MATCH = YES;
				COPY_PHASE_STRIP = NO;
				DEBUG_INFORMATION_FORMAT = "dwarf-with-dsym";
				ENABLE_NS_ASSERTIONS = NO;
				ENABLE_STRICT_OBJC_MSGSEND = YES;
				ENABLE_USER_SCRIPT_SANDBOXING = YES;
				GCC_C_LANGUAGE_STANDARD = gnu17;
				GCC_NO_COMMON_BLOCKS = YES;
				GCC_WARN_64_TO_32_BIT_CONVERSION = YES;
				GCC_WARN_ABOUT_RETURN_TYPE = YES_ERROR;
				GCC_WARN_UNDECLARED_SELECTOR = YES;
				GCC_WARN_UNINITIALIZED_AUTOS = YES_AGGRESSIVE;
				GCC_WARN_UNUSED_FUNCTION = YES;
				GCC_WARN_UNUSED_VARIABLE = YES;
				IPHONEOS_DEPLOYMENT_TARGET = 17.5;
				LOCALIZATION_PREFERS_STRING_CATALOGS = YES;
				MTL_ENABLE_DEBUG_INFO = NO;
				MTL_FAST_MATH = YES;
				SDKROOT = iphoneos;
				SWIFT_COMPILATION_MODE = wholemodule;
				VALIDATE_PRODUCT = YES;
			};
			name = Release;
		};
		C0FCA7262C16DC68002CCADA /* Debug */ = {
			isa = XCBuildConfiguration;
			buildSettings = {
				ASSETCATALOG_COMPILER_APPICON_NAME = AppIcon;
				ASSETCATALOG_COMPILER_GLOBAL_ACCENT_COLOR_NAME = AccentColor;
				CODE_SIGN_STYLE = Automatic;
				CURRENT_PROJECT_VERSION = 1;
				DEVELOPMENT_TEAM = X3SZJ2WYSU;
				GENERATE_INFOPLIST_FILE = YES;
				INFOPLIST_FILE = Media/Info.plist;
				INFOPLIST_KEY_UIApplicationSupportsIndirectInputEvents = YES;
				INFOPLIST_KEY_UILaunchStoryboardName = LaunchScreen;
				INFOPLIST_KEY_UIMainStoryboardFile = "";
				INFOPLIST_KEY_UISupportedInterfaceOrientations_iPad = "UIInterfaceOrientationPortrait UIInterfaceOrientationPortraitUpsideDown UIInterfaceOrientationLandscapeLeft UIInterfaceOrientationLandscapeRight";
				INFOPLIST_KEY_UISupportedInterfaceOrientations_iPhone = "UIInterfaceOrientationPortrait UIInterfaceOrientationLandscapeLeft UIInterfaceOrientationLandscapeRight";
				IPHONEOS_DEPLOYMENT_TARGET = 16.0;
				LD_RUNPATH_SEARCH_PATHS = (
					"$(inherited)",
					"@executable_path/Frameworks",
				);
				MARKETING_VERSION = 1.0;
				PRODUCT_BUNDLE_IDENTIFIER = com.orzr.Media;
				PRODUCT_NAME = "$(TARGET_NAME)";
				SUPPORTED_PLATFORMS = "iphoneos iphonesimulator";
				SUPPORTS_MACCATALYST = NO;
				SUPPORTS_MAC_DESIGNED_FOR_IPHONE_IPAD = NO;
				SUPPORTS_XR_DESIGNED_FOR_IPHONE_IPAD = NO;
				SWIFT_EMIT_LOC_STRINGS = YES;
				SWIFT_VERSION = 5.0;
				TARGETED_DEVICE_FAMILY = 1;
			};
			name = Debug;
		};
		C0FCA7272C16DC68002CCADA /* Release */ = {
			isa = XCBuildConfiguration;
			buildSettings = {
				ASSETCATALOG_COMPILER_APPICON_NAME = AppIcon;
				ASSETCATALOG_COMPILER_GLOBAL_ACCENT_COLOR_NAME = AccentColor;
				CODE_SIGN_STYLE = Automatic;
				CURRENT_PROJECT_VERSION = 1;
				DEVELOPMENT_TEAM = X3SZJ2WYSU;
				GENERATE_INFOPLIST_FILE = YES;
				INFOPLIST_FILE = Media/Info.plist;
				INFOPLIST_KEY_UIApplicationSupportsIndirectInputEvents = YES;
				INFOPLIST_KEY_UILaunchStoryboardName = LaunchScreen;
				INFOPLIST_KEY_UIMainStoryboardFile = "";
				INFOPLIST_KEY_UISupportedInterfaceOrientations_iPad = "UIInterfaceOrientationPortrait UIInterfaceOrientationPortraitUpsideDown UIInterfaceOrientationLandscapeLeft UIInterfaceOrientationLandscapeRight";
				INFOPLIST_KEY_UISupportedInterfaceOrientations_iPhone = "UIInterfaceOrientationPortrait UIInterfaceOrientationLandscapeLeft UIInterfaceOrientationLandscapeRight";
				IPHONEOS_DEPLOYMENT_TARGET = 16.0;
				LD_RUNPATH_SEARCH_PATHS = (
					"$(inherited)",
					"@executable_path/Frameworks",
				);
				MARKETING_VERSION = 1.0;
				PRODUCT_BUNDLE_IDENTIFIER = com.orzr.Media;
				PRODUCT_NAME = "$(TARGET_NAME)";
				SUPPORTED_PLATFORMS = "iphoneos iphonesimulator";
				SUPPORTS_MACCATALYST = NO;
				SUPPORTS_MAC_DESIGNED_FOR_IPHONE_IPAD = NO;
				SUPPORTS_XR_DESIGNED_FOR_IPHONE_IPAD = NO;
				SWIFT_EMIT_LOC_STRINGS = YES;
				SWIFT_VERSION = 5.0;
				TARGETED_DEVICE_FAMILY = 1;
			};
			name = Release;
		};
/* End XCBuildConfiguration section */

/* Begin XCConfigurationList section */
		C0FCA70C2C16DC66002CCADA /* Build configuration list for PBXProject "Media" */ = {
			isa = XCConfigurationList;
			buildConfigurations = (
				C0FCA7232C16DC68002CCADA /* Debug */,
				C0FCA7242C16DC68002CCADA /* Release */,
			);
			defaultConfigurationIsVisible = 0;
			defaultConfigurationName = Release;
		};
		C0FCA7252C16DC68002CCADA /* Build configuration list for PBXNativeTarget "Media" */ = {
			isa = XCConfigurationList;
			buildConfigurations = (
				C0FCA7262C16DC68002CCADA /* Debug */,
				C0FCA7272C16DC68002CCADA /* Release */,
			);
			defaultConfigurationIsVisible = 0;
			defaultConfigurationName = Release;
		};
/* End XCConfigurationList section */

/* Begin XCRemoteSwiftPackageReference section */
		C0FCA7282C16DCAF002CCADA /* XCRemoteSwiftPackageReference "SnapKit" */ = {
			isa = XCRemoteSwiftPackageReference;
			repositoryURL = "https://github.com/SnapKit/SnapKit.git";
			requirement = {
				kind = upToNextMajorVersion;
				minimumVersion = 5.7.1;
			};
		};
		C0FCA72B2C16DCBC002CCADA /* XCRemoteSwiftPackageReference "Alamofire" */ = {
			isa = XCRemoteSwiftPackageReference;
			repositoryURL = "https://github.com/Alamofire/Alamofire.git";
			requirement = {
				kind = upToNextMajorVersion;
				minimumVersion = 5.9.1;
			};
		};
		C0FCA7342C173ECD002CCADA /* XCRemoteSwiftPackageReference "Kingfisher" */ = {
			isa = XCRemoteSwiftPackageReference;
			repositoryURL = "https://github.com/onevcat/Kingfisher";
			requirement = {
				kind = upToNextMajorVersion;
				minimumVersion = 7.12.0;
			};
		};
/* End XCRemoteSwiftPackageReference section */

/* Begin XCSwiftPackageProductDependency section */
		C0FCA7292C16DCAF002CCADA /* SnapKit */ = {
			isa = XCSwiftPackageProductDependency;
			package = C0FCA7282C16DCAF002CCADA /* XCRemoteSwiftPackageReference "SnapKit" */;
			productName = SnapKit;
		};
		C0FCA72C2C16DCBC002CCADA /* Alamofire */ = {
			isa = XCSwiftPackageProductDependency;
			package = C0FCA72B2C16DCBC002CCADA /* XCRemoteSwiftPackageReference "Alamofire" */;
			productName = Alamofire;
		};
		C0FCA7352C173ECD002CCADA /* Kingfisher */ = {
			isa = XCSwiftPackageProductDependency;
			package = C0FCA7342C173ECD002CCADA /* XCRemoteSwiftPackageReference "Kingfisher" */;
			productName = Kingfisher;
		};
/* End XCSwiftPackageProductDependency section */
	};
	rootObject = C0FCA7092C16DC66002CCADA /* Project object */;
}
